// !$*UTF8*$!
{
	archiveVersion = 1;
	classes = {
	};
	objectVersion = 55;
	objects = {

/* Begin PBXBuildFile section */
		0F05AE8D2860A734003D972A /* User.swift in Sources */ = {isa = PBXBuildFile; fileRef = 0F05AE8C2860A734003D972A /* User.swift */; };
		0F05AE8F2860A84C003D972A /* LoginViewController.swift in Sources */ = {isa = PBXBuildFile; fileRef = 0F05AE8E2860A84C003D972A /* LoginViewController.swift */; };
		0F05AE912860A876003D972A /* Auth.storyboard in Resources */ = {isa = PBXBuildFile; fileRef = 0F05AE902860A876003D972A /* Auth.storyboard */; };
		0F05AE94286214B9003D972A /* LoginViewModel.swift in Sources */ = {isa = PBXBuildFile; fileRef = 0F05AE93286214B9003D972A /* LoginViewModel.swift */; };
		0F05AE96286229BB003D972A /* BaseRouter.swift in Sources */ = {isa = PBXBuildFile; fileRef = 0F05AE95286229BB003D972A /* BaseRouter.swift */; };
		0F134030286F1ABB00024054 /* RxCocoa in Frameworks */ = {isa = PBXBuildFile; productRef = 0F13402F286F1ABB00024054 /* RxCocoa */; };
		0F134032286F1ABB00024054 /* RxSwift in Frameworks */ = {isa = PBXBuildFile; productRef = 0F134031286F1ABB00024054 /* RxSwift */; };
		0F134035286F325C00024054 /* LocationManager.swift in Sources */ = {isa = PBXBuildFile; fileRef = 0F134034286F325C00024054 /* LocationManager.swift */; };
		0F635567286C5F7000A02CBC /* RegistrationViewController.swift in Sources */ = {isa = PBXBuildFile; fileRef = 0F635566286C5F7000A02CBC /* RegistrationViewController.swift */; };
		0FD53E542857421400B0E949 /* AppDelegate.swift in Sources */ = {isa = PBXBuildFile; fileRef = 0FD53E532857421400B0E949 /* AppDelegate.swift */; };
		0FD53E562857421400B0E949 /* SceneDelegate.swift in Sources */ = {isa = PBXBuildFile; fileRef = 0FD53E552857421400B0E949 /* SceneDelegate.swift */; };
		0FD53E582857421400B0E949 /* MapViewController.swift in Sources */ = {isa = PBXBuildFile; fileRef = 0FD53E572857421400B0E949 /* MapViewController.swift */; };
		0FD53E5B2857421400B0E949 /* Main.storyboard in Resources */ = {isa = PBXBuildFile; fileRef = 0FD53E592857421400B0E949 /* Main.storyboard */; };
		0FD53E5D2857421600B0E949 /* Assets.xcassets in Resources */ = {isa = PBXBuildFile; fileRef = 0FD53E5C2857421600B0E949 /* Assets.xcassets */; };
		0FD53E69285745F800B0E949 /* MapKit.framework in Frameworks */ = {isa = PBXBuildFile; fileRef = 0FD53E68285745F800B0E949 /* MapKit.framework */; };
		0FE7BD01285A2BD000E801E8 /* Realm in Frameworks */ = {isa = PBXBuildFile; productRef = 0FE7BD00285A2BD000E801E8 /* Realm */; };
		0FE7BD03285A2BD000E801E8 /* RealmSwift in Frameworks */ = {isa = PBXBuildFile; productRef = 0FE7BD02285A2BD000E801E8 /* RealmSwift */; };
		0FE7BD05285A2BE200E801E8 /* RealmManager.swift in Sources */ = {isa = PBXBuildFile; fileRef = 0FE7BD04285A2BE200E801E8 /* RealmManager.swift */; };
		0FE7BD07285A2D4C00E801E8 /* TrackModel.swift in Sources */ = {isa = PBXBuildFile; fileRef = 0FE7BD06285A2D4C00E801E8 /* TrackModel.swift */; };
/* End PBXBuildFile section */

/* Begin PBXFileReference section */
		0F05AE8C2860A734003D972A /* User.swift */ = {isa = PBXFileReference; lastKnownFileType = sourcecode.swift; path = User.swift; sourceTree = "<group>"; };
		0F05AE8E2860A84C003D972A /* LoginViewController.swift */ = {isa = PBXFileReference; lastKnownFileType = sourcecode.swift; path = LoginViewController.swift; sourceTree = "<group>"; };
		0F05AE902860A876003D972A /* Auth.storyboard */ = {isa = PBXFileReference; lastKnownFileType = file.storyboard; path = Auth.storyboard; sourceTree = "<group>"; };
		0F05AE93286214B9003D972A /* LoginViewModel.swift */ = {isa = PBXFileReference; lastKnownFileType = sourcecode.swift; path = LoginViewModel.swift; sourceTree = "<group>"; };
		0F05AE95286229BB003D972A /* BaseRouter.swift */ = {isa = PBXFileReference; lastKnownFileType = sourcecode.swift; path = BaseRouter.swift; sourceTree = "<group>"; };
		0F134034286F325C00024054 /* LocationManager.swift */ = {isa = PBXFileReference; lastKnownFileType = sourcecode.swift; path = LocationManager.swift; sourceTree = "<group>"; };
		0F635566286C5F7000A02CBC /* RegistrationViewController.swift */ = {isa = PBXFileReference; lastKnownFileType = sourcecode.swift; path = RegistrationViewController.swift; sourceTree = "<group>"; };
		0FD53E502857421400B0E949 /* GBMap.app */ = {isa = PBXFileReference; explicitFileType = wrapper.application; includeInIndex = 0; path = GBMap.app; sourceTree = BUILT_PRODUCTS_DIR; };
		0FD53E532857421400B0E949 /* AppDelegate.swift */ = {isa = PBXFileReference; lastKnownFileType = sourcecode.swift; path = AppDelegate.swift; sourceTree = "<group>"; };
		0FD53E552857421400B0E949 /* SceneDelegate.swift */ = {isa = PBXFileReference; lastKnownFileType = sourcecode.swift; path = SceneDelegate.swift; sourceTree = "<group>"; };
		0FD53E572857421400B0E949 /* MapViewController.swift */ = {isa = PBXFileReference; lastKnownFileType = sourcecode.swift; path = MapViewController.swift; sourceTree = "<group>"; };
		0FD53E5A2857421400B0E949 /* Base */ = {isa = PBXFileReference; lastKnownFileType = file.storyboard; name = Base; path = Base.lproj/Main.storyboard; sourceTree = "<group>"; };
		0FD53E5C2857421600B0E949 /* Assets.xcassets */ = {isa = PBXFileReference; lastKnownFileType = folder.assetcatalog; path = Assets.xcassets; sourceTree = "<group>"; };
		0FD53E612857421600B0E949 /* Info.plist */ = {isa = PBXFileReference; lastKnownFileType = text.plist.xml; path = Info.plist; sourceTree = "<group>"; };
		0FD53E68285745F800B0E949 /* MapKit.framework */ = {isa = PBXFileReference; lastKnownFileType = wrapper.framework; name = MapKit.framework; path = System/Library/Frameworks/MapKit.framework; sourceTree = SDKROOT; };
		0FE7BD04285A2BE200E801E8 /* RealmManager.swift */ = {isa = PBXFileReference; lastKnownFileType = sourcecode.swift; path = RealmManager.swift; sourceTree = "<group>"; };
		0FE7BD06285A2D4C00E801E8 /* TrackModel.swift */ = {isa = PBXFileReference; lastKnownFileType = sourcecode.swift; path = TrackModel.swift; sourceTree = "<group>"; };
/* End PBXFileReference section */

/* Begin PBXFrameworksBuildPhase section */
		0FD53E4D2857421400B0E949 /* Frameworks */ = {
			isa = PBXFrameworksBuildPhase;
			buildActionMask = 2147483647;
			files = (
				0FE7BD03285A2BD000E801E8 /* RealmSwift in Frameworks */,
				0FE7BD01285A2BD000E801E8 /* Realm in Frameworks */,
				0F134032286F1ABB00024054 /* RxSwift in Frameworks */,
				0F134030286F1ABB00024054 /* RxCocoa in Frameworks */,
				0FD53E69285745F800B0E949 /* MapKit.framework in Frameworks */,
			);
			runOnlyForDeploymentPostprocessing = 0;
		};
/* End PBXFrameworksBuildPhase section */

/* Begin PBXGroup section */
		0F05AE9228621499003D972A /* ViewModel */ = {
			isa = PBXGroup;
			children = (
				0F05AE93286214B9003D972A /* LoginViewModel.swift */,
			);
			path = ViewModel;
			sourceTree = "<group>";
		};
		0F134033286F31DA00024054 /* BusinessLogic */ = {
			isa = PBXGroup;
			children = (
				0F05AE95286229BB003D972A /* BaseRouter.swift */,
				0F134034286F325C00024054 /* LocationManager.swift */,
				0FE2F277285CCFD8004AC98F /* Realm */,
			);
			path = BusinessLogic;
			sourceTree = "<group>";
		};
		0FD53E472857421400B0E949 = {
			isa = PBXGroup;
			children = (
				0FD53E522857421400B0E949 /* GBMap */,
				0FD53E512857421400B0E949 /* Products */,
				0FD53E67285745F800B0E949 /* Frameworks */,
			);
			sourceTree = "<group>";
		};
		0FD53E512857421400B0E949 /* Products */ = {
			isa = PBXGroup;
			children = (
				0FD53E502857421400B0E949 /* GBMap.app */,
			);
			name = Products;
			sourceTree = "<group>";
		};
		0FD53E522857421400B0E949 /* GBMap */ = {
			isa = PBXGroup;
			children = (
				0FD53E532857421400B0E949 /* AppDelegate.swift */,
				0FD53E552857421400B0E949 /* SceneDelegate.swift */,
				0F134033286F31DA00024054 /* BusinessLogic */,
				0FE2F276285CCFC7004AC98F /* Model */,
				0F05AE9228621499003D972A /* ViewModel */,
				0FE2F278285CCFE4004AC98F /* ViewController */,
				0FE7F480286C78BA008E8E9D /* Storyboard */,
				0FE7F47F286C7875008E8E9D /* Storyboards */,
				0FD53E5C2857421600B0E949 /* Assets.xcassets */,
				0FD53E612857421600B0E949 /* Info.plist */,
			);
			path = GBMap;
			sourceTree = "<group>";
		};
		0FD53E67285745F800B0E949 /* Frameworks */ = {
			isa = PBXGroup;
			children = (
				0FD53E68285745F800B0E949 /* MapKit.framework */,
			);
			name = Frameworks;
			sourceTree = "<group>";
		};
		0FE2F276285CCFC7004AC98F /* Model */ = {
			isa = PBXGroup;
			children = (
				0FE7BD06285A2D4C00E801E8 /* TrackModel.swift */,
				0F05AE8C2860A734003D972A /* User.swift */,
			);
			path = Model;
			sourceTree = "<group>";
		};
		0FE2F277285CCFD8004AC98F /* Realm */ = {
			isa = PBXGroup;
			children = (
				0FE7BD04285A2BE200E801E8 /* RealmManager.swift */,
			);
			path = Realm;
			sourceTree = "<group>";
		};
		0FE2F278285CCFE4004AC98F /* ViewController */ = {
			isa = PBXGroup;
			children = (
				0F05AE8E2860A84C003D972A /* LoginViewController.swift */,
				0F635566286C5F7000A02CBC /* RegistrationViewController.swift */,
				0FD53E572857421400B0E949 /* MapViewController.swift */,
			);
			path = ViewController;
			sourceTree = "<group>";
		};
		0FE7F47F286C7875008E8E9D /* Storyboards */ = {
			isa = PBXGroup;
			children = (
			);
			path = Storyboards;
			sourceTree = "<group>";
		};
		0FE7F480286C78BA008E8E9D /* Storyboard */ = {
			isa = PBXGroup;
			children = (
				0FD53E592857421400B0E949 /* Main.storyboard */,
				0F05AE902860A876003D972A /* Auth.storyboard */,
			);
			path = Storyboard;
			sourceTree = "<group>";
		};
/* End PBXGroup section */

/* Begin PBXNativeTarget section */
		0FD53E4F2857421400B0E949 /* GBMap */ = {
			isa = PBXNativeTarget;
			buildConfigurationList = 0FD53E642857421600B0E949 /* Build configuration list for PBXNativeTarget "GBMap" */;
			buildPhases = (
				0FD53E4C2857421400B0E949 /* Sources */,
				0FD53E4D2857421400B0E949 /* Frameworks */,
				0FD53E4E2857421400B0E949 /* Resources */,
			);
			buildRules = (
			);
			dependencies = (
			);
			name = GBMap;
			packageProductDependencies = (
				0FE7BD00285A2BD000E801E8 /* Realm */,
				0FE7BD02285A2BD000E801E8 /* RealmSwift */,
				0F13402F286F1ABB00024054 /* RxCocoa */,
				0F134031286F1ABB00024054 /* RxSwift */,
			);
			productName = GBMap;
			productReference = 0FD53E502857421400B0E949 /* GBMap.app */;
			productType = "com.apple.product-type.application";
		};
/* End PBXNativeTarget section */

/* Begin PBXProject section */
		0FD53E482857421400B0E949 /* Project object */ = {
			isa = PBXProject;
			attributes = {
				BuildIndependentTargetsInParallel = 1;
				LastSwiftUpdateCheck = 1340;
				LastUpgradeCheck = 1340;
				TargetAttributes = {
					0FD53E4F2857421400B0E949 = {
						CreatedOnToolsVersion = 13.4.1;
					};
				};
			};
			buildConfigurationList = 0FD53E4B2857421400B0E949 /* Build configuration list for PBXProject "GBMap" */;
			compatibilityVersion = "Xcode 13.0";
			developmentRegion = en;
			hasScannedForEncodings = 0;
			knownRegions = (
				en,
				Base,
			);
			mainGroup = 0FD53E472857421400B0E949;
			packageReferences = (
				0FE7BCFF285A2BD000E801E8 /* XCRemoteSwiftPackageReference "realm-swift" */,
				0F13402E286F1ABB00024054 /* XCRemoteSwiftPackageReference "RxSwift" */,
			);
			productRefGroup = 0FD53E512857421400B0E949 /* Products */;
			projectDirPath = "";
			projectRoot = "";
			targets = (
				0FD53E4F2857421400B0E949 /* GBMap */,
			);
		};
/* End PBXProject section */

/* Begin PBXResourcesBuildPhase section */
		0FD53E4E2857421400B0E949 /* Resources */ = {
			isa = PBXResourcesBuildPhase;
			buildActionMask = 2147483647;
			files = (
				0F05AE912860A876003D972A /* Auth.storyboard in Resources */,
				0FD53E5D2857421600B0E949 /* Assets.xcassets in Resources */,
				0FD53E5B2857421400B0E949 /* Main.storyboard in Resources */,
			);
			runOnlyForDeploymentPostprocessing = 0;
		};
/* End PBXResourcesBuildPhase section */

/* Begin PBXSourcesBuildPhase section */
		0FD53E4C2857421400B0E949 /* Sources */ = {
			isa = PBXSourcesBuildPhase;
			buildActionMask = 2147483647;
			files = (
				0FD53E582857421400B0E949 /* MapViewController.swift in Sources */,
				0F05AE96286229BB003D972A /* BaseRouter.swift in Sources */,
				0FE7BD05285A2BE200E801E8 /* RealmManager.swift in Sources */,
				0F134035286F325C00024054 /* LocationManager.swift in Sources */,
				0F05AE8D2860A734003D972A /* User.swift in Sources */,
				0F635567286C5F7000A02CBC /* RegistrationViewController.swift in Sources */,
				0F05AE8F2860A84C003D972A /* LoginViewController.swift in Sources */,
				0F05AE94286214B9003D972A /* LoginViewModel.swift in Sources */,
				0FD53E542857421400B0E949 /* AppDelegate.swift in Sources */,
				0FE7BD07285A2D4C00E801E8 /* TrackModel.swift in Sources */,
				0FD53E562857421400B0E949 /* SceneDelegate.swift in Sources */,
			);
			runOnlyForDeploymentPostprocessing = 0;
		};
/* End PBXSourcesBuildPhase section */

/* Begin PBXVariantGroup section */
		0FD53E592857421400B0E949 /* Main.storyboard */ = {
			isa = PBXVariantGroup;
			children = (
				0FD53E5A2857421400B0E949 /* Base */,
			);
			name = Main.storyboard;
			sourceTree = "<group>";
		};
/* End PBXVariantGroup section */

/* Begin XCBuildConfiguration section */
		0FD53E622857421600B0E949 /* Debug */ = {
			isa = XCBuildConfiguration;
			buildSettings = {
				ALWAYS_SEARCH_USER_PATHS = NO;
				CLANG_ANALYZER_NONNULL = YES;
				CLANG_ANALYZER_NUMBER_OBJECT_CONVERSION = YES_AGGRESSIVE;
				CLANG_CXX_LANGUAGE_STANDARD = "gnu++17";
				CLANG_ENABLE_MODULES = YES;
				CLANG_ENABLE_OBJC_ARC = YES;
				CLANG_ENABLE_OBJC_WEAK = YES;
				CLANG_WARN_BLOCK_CAPTURE_AUTORELEASING = YES;
				CLANG_WARN_BOOL_CONVERSION = YES;
				CLANG_WARN_COMMA = YES;
				CLANG_WARN_CONSTANT_CONVERSION = YES;
				CLANG_WARN_DEPRECATED_OBJC_IMPLEMENTATIONS = YES;
				CLANG_WARN_DIRECT_OBJC_ISA_USAGE = YES_ERROR;
				CLANG_WARN_DOCUMENTATION_COMMENTS = YES;
				CLANG_WARN_EMPTY_BODY = YES;
				CLANG_WARN_ENUM_CONVERSION = YES;
				CLANG_WARN_INFINITE_RECURSION = YES;
				CLANG_WARN_INT_CONVERSION = YES;
				CLANG_WARN_NON_LITERAL_NULL_CONVERSION = YES;
				CLANG_WARN_OBJC_IMPLICIT_RETAIN_SELF = YES;
				CLANG_WARN_OBJC_LITERAL_CONVERSION = YES;
				CLANG_WARN_OBJC_ROOT_CLASS = YES_ERROR;
				CLANG_WARN_QUOTED_INCLUDE_IN_FRAMEWORK_HEADER = YES;
				CLANG_WARN_RANGE_LOOP_ANALYSIS = YES;
				CLANG_WARN_STRICT_PROTOTYPES = YES;
				CLANG_WARN_SUSPICIOUS_MOVE = YES;
				CLANG_WARN_UNGUARDED_AVAILABILITY = YES_AGGRESSIVE;
				CLANG_WARN_UNREACHABLE_CODE = YES;
				CLANG_WARN__DUPLICATE_METHOD_MATCH = YES;
				COPY_PHASE_STRIP = NO;
				DEBUG_INFORMATION_FORMAT = dwarf;
				ENABLE_STRICT_OBJC_MSGSEND = YES;
				ENABLE_TESTABILITY = YES;
				GCC_C_LANGUAGE_STANDARD = gnu11;
				GCC_DYNAMIC_NO_PIC = NO;
				GCC_NO_COMMON_BLOCKS = YES;
				GCC_OPTIMIZATION_LEVEL = 0;
				GCC_PREPROCESSOR_DEFINITIONS = (
					"DEBUG=1",
					"$(inherited)",
				);
				GCC_WARN_64_TO_32_BIT_CONVERSION = YES;
				GCC_WARN_ABOUT_RETURN_TYPE = YES_ERROR;
				GCC_WARN_UNDECLARED_SELECTOR = YES;
				GCC_WARN_UNINITIALIZED_AUTOS = YES_AGGRESSIVE;
				GCC_WARN_UNUSED_FUNCTION = YES;
				GCC_WARN_UNUSED_VARIABLE = YES;
				IPHONEOS_DEPLOYMENT_TARGET = 15.5;
				MTL_ENABLE_DEBUG_INFO = INCLUDE_SOURCE;
				MTL_FAST_MATH = YES;
				ONLY_ACTIVE_ARCH = YES;
				SDKROOT = iphoneos;
				SWIFT_ACTIVE_COMPILATION_CONDITIONS = DEBUG;
				SWIFT_OPTIMIZATION_LEVEL = "-Onone";
			};
			name = Debug;
		};
		0FD53E632857421600B0E949 /* Release */ = {
			isa = XCBuildConfiguration;
			buildSettings = {
				ALWAYS_SEARCH_USER_PATHS = NO;
				CLANG_ANALYZER_NONNULL = YES;
				CLANG_ANALYZER_NUMBER_OBJECT_CONVERSION = YES_AGGRESSIVE;
				CLANG_CXX_LANGUAGE_STANDARD = "gnu++17";
				CLANG_ENABLE_MODULES = YES;
				CLANG_ENABLE_OBJC_ARC = YES;
				CLANG_ENABLE_OBJC_WEAK = YES;
				CLANG_WARN_BLOCK_CAPTURE_AUTORELEASING = YES;
				CLANG_WARN_BOOL_CONVERSION = YES;
				CLANG_WARN_COMMA = YES;
				CLANG_WARN_CONSTANT_CONVERSION = YES;
				CLANG_WARN_DEPRECATED_OBJC_IMPLEMENTATIONS = YES;
				CLANG_WARN_DIRECT_OBJC_ISA_USAGE = YES_ERROR;
				CLANG_WARN_DOCUMENTATION_COMMENTS = YES;
				CLANG_WARN_EMPTY_BODY = YES;
				CLANG_WARN_ENUM_CONVERSION = YES;
				CLANG_WARN_INFINITE_RECURSION = YES;
				CLANG_WARN_INT_CONVERSION = YES;
				CLANG_WARN_NON_LITERAL_NULL_CONVERSION = YES;
				CLANG_WARN_OBJC_IMPLICIT_RETAIN_SELF = YES;
				CLANG_WARN_OBJC_LITERAL_CONVERSION = YES;
				CLANG_WARN_OBJC_ROOT_CLASS = YES_ERROR;
				CLANG_WARN_QUOTED_INCLUDE_IN_FRAMEWORK_HEADER = YES;
				CLANG_WARN_RANGE_LOOP_ANALYSIS = YES;
				CLANG_WARN_STRICT_PROTOTYPES = YES;
				CLANG_WARN_SUSPICIOUS_MOVE = YES;
				CLANG_WARN_UNGUARDED_AVAILABILITY = YES_AGGRESSIVE;
				CLANG_WARN_UNREACHABLE_CODE = YES;
				CLANG_WARN__DUPLICATE_METHOD_MATCH = YES;
				COPY_PHASE_STRIP = NO;
				DEBUG_INFORMATION_FORMAT = "dwarf-with-dsym";
				ENABLE_NS_ASSERTIONS = NO;
				ENABLE_STRICT_OBJC_MSGSEND = YES;
				GCC_C_LANGUAGE_STANDARD = gnu11;
				GCC_NO_COMMON_BLOCKS = YES;
				GCC_WARN_64_TO_32_BIT_CONVERSION = YES;
				GCC_WARN_ABOUT_RETURN_TYPE = YES_ERROR;
				GCC_WARN_UNDECLARED_SELECTOR = YES;
				GCC_WARN_UNINITIALIZED_AUTOS = YES_AGGRESSIVE;
				GCC_WARN_UNUSED_FUNCTION = YES;
				GCC_WARN_UNUSED_VARIABLE = YES;
				IPHONEOS_DEPLOYMENT_TARGET = 15.5;
				MTL_ENABLE_DEBUG_INFO = NO;
				MTL_FAST_MATH = YES;
				SDKROOT = iphoneos;
				SWIFT_COMPILATION_MODE = wholemodule;
				SWIFT_OPTIMIZATION_LEVEL = "-O";
				VALIDATE_PRODUCT = YES;
			};
			name = Release;
		};
		0FD53E652857421600B0E949 /* Debug */ = {
			isa = XCBuildConfiguration;
			buildSettings = {
				ASSETCATALOG_COMPILER_APPICON_NAME = AppIcon;
				ASSETCATALOG_COMPILER_GLOBAL_ACCENT_COLOR_NAME = AccentColor;
				CODE_SIGN_STYLE = Automatic;
				CURRENT_PROJECT_VERSION = 1;
				DEBUG_INFORMATION_FORMAT = dwarf;
				DEVELOPMENT_TEAM = SK7334S258;
				GENERATE_INFOPLIST_FILE = YES;
				INFOPLIST_FILE = GBMap/Info.plist;
				INFOPLIST_KEY_NSLocationAlwaysAndWhenInUseUsageDescription = "We need your location";
				INFOPLIST_KEY_NSLocationWhenInUseUsageDescription = "We need your location";
				INFOPLIST_KEY_UIApplicationSupportsIndirectInputEvents = YES;
				INFOPLIST_KEY_UILaunchStoryboardName = LaunchScreen;
				INFOPLIST_KEY_UIMainStoryboardFile = Auth;
				INFOPLIST_KEY_UISupportedInterfaceOrientations_iPad = "UIInterfaceOrientationPortrait UIInterfaceOrientationPortraitUpsideDown UIInterfaceOrientationLandscapeLeft UIInterfaceOrientationLandscapeRight";
				INFOPLIST_KEY_UISupportedInterfaceOrientations_iPhone = "UIInterfaceOrientationPortrait UIInterfaceOrientationLandscapeLeft UIInterfaceOrientationLandscapeRight";
				LD_RUNPATH_SEARCH_PATHS = (
					"$(inherited)",
					"@executable_path/Frameworks",
				);
				MARKETING_VERSION = 1.0;
				PRODUCT_BUNDLE_IDENTIFIER = Zasenko.GBMap;
				PRODUCT_NAME = "$(TARGET_NAME)";
				SWIFT_EMIT_LOC_STRINGS = YES;
				SWIFT_VERSION = 5.0;
				TARGETED_DEVICE_FAMILY = "1,2";
			};
			name = Debug;
		};
		0FD53E662857421600B0E949 /* Release */ = {
			isa = XCBuildConfiguration;
			buildSettings = {
				ASSETCATALOG_COMPILER_APPICON_NAME = AppIcon;
				ASSETCATALOG_COMPILER_GLOBAL_ACCENT_COLOR_NAME = AccentColor;
				CODE_SIGN_STYLE = Automatic;
				CURRENT_PROJECT_VERSION = 1;
				DEVELOPMENT_TEAM = SK7334S258;
				GENERATE_INFOPLIST_FILE = YES;
				INFOPLIST_FILE = GBMap/Info.plist;
				INFOPLIST_KEY_NSLocationAlwaysAndWhenInUseUsageDescription = "We need your location";
				INFOPLIST_KEY_NSLocationWhenInUseUsageDescription = "We need your location";
				INFOPLIST_KEY_UIApplicationSupportsIndirectInputEvents = YES;
				INFOPLIST_KEY_UILaunchStoryboardName = LaunchScreen;
				INFOPLIST_KEY_UIMainStoryboardFile = Auth;
				INFOPLIST_KEY_UISupportedInterfaceOrientations_iPad = "UIInterfaceOrientationPortrait UIInterfaceOrientationPortraitUpsideDown UIInterfaceOrientationLandscapeLeft UIInterfaceOrientationLandscapeRight";
				INFOPLIST_KEY_UISupportedInterfaceOrientations_iPhone = "UIInterfaceOrientationPortrait UIInterfaceOrientationLandscapeLeft UIInterfaceOrientationLandscapeRight";
				LD_RUNPATH_SEARCH_PATHS = (
					"$(inherited)",
					"@executable_path/Frameworks",
				);
				MARKETING_VERSION = 1.0;
				PRODUCT_BUNDLE_IDENTIFIER = Zasenko.GBMap;
				PRODUCT_NAME = "$(TARGET_NAME)";
				SWIFT_EMIT_LOC_STRINGS = YES;
				SWIFT_VERSION = 5.0;
				TARGETED_DEVICE_FAMILY = "1,2";
			};
			name = Release;
		};
/* End XCBuildConfiguration section */

/* Begin XCConfigurationList section */
		0FD53E4B2857421400B0E949 /* Build configuration list for PBXProject "GBMap" */ = {
			isa = XCConfigurationList;
			buildConfigurations = (
				0FD53E622857421600B0E949 /* Debug */,
				0FD53E632857421600B0E949 /* Release */,
			);
			defaultConfigurationIsVisible = 0;
			defaultConfigurationName = Release;
		};
		0FD53E642857421600B0E949 /* Build configuration list for PBXNativeTarget "GBMap" */ = {
			isa = XCConfigurationList;
			buildConfigurations = (
				0FD53E652857421600B0E949 /* Debug */,
				0FD53E662857421600B0E949 /* Release */,
			);
			defaultConfigurationIsVisible = 0;
			defaultConfigurationName = Release;
		};
/* End XCConfigurationList section */

/* Begin XCRemoteSwiftPackageReference section */
		0F13402E286F1ABB00024054 /* XCRemoteSwiftPackageReference "RxSwift" */ = {
			isa = XCRemoteSwiftPackageReference;
			repositoryURL = "https://github.com/ReactiveX/RxSwift.git";
			requirement = {
				kind = exactVersion;
				version = 6.5.0;
			};
		};
		0FE7BCFF285A2BD000E801E8 /* XCRemoteSwiftPackageReference "realm-swift" */ = {
			isa = XCRemoteSwiftPackageReference;
			repositoryURL = "https://github.com/realm/realm-swift.git";
			requirement = {
				kind = upToNextMajorVersion;
				minimumVersion = 10.28.1;
			};
		};
/* End XCRemoteSwiftPackageReference section */

/* Begin XCSwiftPackageProductDependency section */
		0F13402F286F1ABB00024054 /* RxCocoa */ = {
			isa = XCSwiftPackageProductDependency;
			package = 0F13402E286F1ABB00024054 /* XCRemoteSwiftPackageReference "RxSwift" */;
			productName = RxCocoa;
		};
		0F134031286F1ABB00024054 /* RxSwift */ = {
			isa = XCSwiftPackageProductDependency;
			package = 0F13402E286F1ABB00024054 /* XCRemoteSwiftPackageReference "RxSwift" */;
			productName = RxSwift;
		};
		0FE7BD00285A2BD000E801E8 /* Realm */ = {
			isa = XCSwiftPackageProductDependency;
			package = 0FE7BCFF285A2BD000E801E8 /* XCRemoteSwiftPackageReference "realm-swift" */;
			productName = Realm;
		};
		0FE7BD02285A2BD000E801E8 /* RealmSwift */ = {
			isa = XCSwiftPackageProductDependency;
			package = 0FE7BCFF285A2BD000E801E8 /* XCRemoteSwiftPackageReference "realm-swift" */;
			productName = RealmSwift;
		};
/* End XCSwiftPackageProductDependency section */
	};
	rootObject = 0FD53E482857421400B0E949 /* Project object */;
}
